
Microsoft Visual Studio Solution File, Format Version 12.00
# Visual Studio Version 17
VisualStudioVersion = 17.1.32228.430
MinimumVisualStudioVersion = 10.0.40219.1
Project("{FAE04EC0-301F-11D3-BF4B-00C04F79EFBC}") = "WcfService1", "WcfService1\WcfService1.csproj", "{D4BBA681-CDDE-4652-8C8D-37D13075980E}"
EndProject
Project("{FAE04EC0-301F-11D3-BF4B-00C04F79EFBC}") = "WebApplication1", "WebApplication1\WebApplication1.csproj", "{835AF9E5-022A-4DB8-A783-9902B9621AEE}"
	ProjectSection(ProjectDependencies) = postProject
		{D4BBA681-CDDE-4652-8C8D-37D13075980E} = {D4BBA681-CDDE-4652-8C8D-37D13075980E}
	EndProjectSection
EndProject
Project("{FAE04EC0-301F-11D3-BF4B-00C04F79EFBC}") = "WindowsFormsApp2", "WindowsFormsApp2\WindowsFormsApp2.csproj", "{225198C3-ECB6-43F5-A68C-737D1CC26556}"
EndProject
Global
	GlobalSection(SolutionConfigurationPlatforms) = preSolution
		Debug|Any CPU = Debug|Any CPU
		Release|Any CPU = Release|Any CPU
	EndGlobalSection
	GlobalSection(ProjectConfigurationPlatforms) = postSolution
		{D4BBA681-CDDE-4652-8C8D-37D13075980E}.Debug|Any CPU.ActiveCfg = Debug|Any CPU
		{D4BBA681-CDDE-4652-8C8D-37D13075980E}.Debug|Any CPU.Build.0 = Debug|Any CPU
		{D4BBA681-CDDE-4652-8C8D-37D13075980E}.Release|Any CPU.ActiveCfg = Release|Any CPU
		{D4BBA681-CDDE-4652-8C8D-37D13075980E}.Release|Any CPU.Build.0 = Release|Any CPU
		{835AF9E5-022A-4DB8-A783-9902B9621AEE}.Debug|Any CPU.ActiveCfg = Debug|Any CPU
		{835AF9E5-022A-4DB8-A783-9902B9621AEE}.Debug|Any CPU.Build.0 = Debug|Any CPU
		{835AF9E5-022A-4DB8-A783-9902B9621AEE}.Release|Any CPU.ActiveCfg = Release|Any CPU
		{835AF9E5-022A-4DB8-A783-9902B9621AEE}.Release|Any CPU.Build.0 = Release|Any CPU
		{225198C3-ECB6-43F5-A68C-737D1CC26556}.Debug|Any CPU.ActiveCfg = Debug|Any CPU
		{225198C3-ECB6-43F5-A68C-737D1CC26556}.Debug|Any CPU.Build.0 = Debug|Any CPU
		{225198C3-ECB6-43F5-A68C-737D1CC26556}.Release|Any CPU.ActiveCfg = Release|Any CPU
		{225198C3-ECB6-43F5-A68C-737D1CC26556}.Release|Any CPU.Build.0 = Release|Any CPU
	EndGlobalSection
	GlobalSection(SolutionProperties) = preSolution
		HideSolutionNode = FALSE
	EndGlobalSection
	GlobalSection(ExtensibilityGlobals) = postSolution
		SolutionGuid = {B2507474-34A3-47C3-A147-7E191A3EFB08}
	EndGlobalSection
EndGlobal
